
Microsoft Visual Studio Solution File, Format Version 12.00
Project("{FAE04EC0-301F-11D3-BF4B-00C04F79EFBC}") = "ProjetoTarefas", "ProjetoTarefas\ProjetoTarefas.csproj", "{F4D0D48E-29E4-4C26-A8D3-9AF394A80762}"
EndProject
Global
	GlobalSection(SolutionConfigurationPlatforms) = preSolution
		Debug|Any CPU = Debug|Any CPU
		Release|Any CPU = Release|Any CPU
	EndGlobalSection
	GlobalSection(ProjectConfigurationPlatforms) = postSolution
		{F4D0D48E-29E4-4C26-A8D3-9AF394A80762}.Debug|Any CPU.ActiveCfg = Debug|Any CPU
		{F4D0D48E-29E4-4C26-A8D3-9AF394A80762}.Debug|Any CPU.Build.0 = Debug|Any CPU
		{F4D0D48E-29E4-4C26-A8D3-9AF394A80762}.Release|Any CPU.ActiveCfg = Release|Any CPU
		{F4D0D48E-29E4-4C26-A8D3-9AF394A80762}.Release|Any CPU.Build.0 = Release|Any CPU
	EndGlobalSection
EndGlobal
